
Microsoft Visual Studio Solution File, Format Version 12.00
# Visual Studio Version 16
VisualStudioVersion = 16.0.31515.178
MinimumVisualStudioVersion = 10.0.40219.1
Project("{8BC9CEB8-8B4A-11D0-8D11-00A0C91BC942}") = "OSLab2", "OSLab2\OSLab2.vcxproj", "{0B5629A2-B05C-4F1C-9970-5246DF76BE35}"
EndProject
Project("{8BC9CEB8-8B4A-11D0-8D11-00A0C91BC942}") = "EchoWriterTest", "FileWriterTest\FileWriterTest.vcxproj", "{0CEF0804-EDC3-4584-A47C-8048663EBBBF}"
EndProject
Global
	GlobalSection(SolutionConfigurationPlatforms) = preSolution
		Debug|x64 = Debug|x64
		Debug|x86 = Debug|x86
		Release|x64 = Release|x64
		Release|x86 = Release|x86
	EndGlobalSection
	GlobalSection(ProjectConfigurationPlatforms) = postSolution
		{0B5629A2-B05C-4F1C-9970-5246DF76BE35}.Debug|x64.ActiveCfg = Debug|x64
		{0B5629A2-B05C-4F1C-9970-5246DF76BE35}.Debug|x64.Build.0 = Debug|x64
		{0B5629A2-B05C-4F1C-9970-5246DF76BE35}.Debug|x86.ActiveCfg = Debug|Win32
		{0B5629A2-B05C-4F1C-9970-5246DF76BE35}.Debug|x86.Build.0 = Debug|Win32
		{0B5629A2-B05C-4F1C-9970-5246DF76BE35}.Release|x64.ActiveCfg = Release|x64
		{0B5629A2-B05C-4F1C-9970-5246DF76BE35}.Release|x64.Build.0 = Release|x64
		{0B5629A2-B05C-4F1C-9970-5246DF76BE35}.Release|x86.ActiveCfg = Release|Win32
		{0B5629A2-B05C-4F1C-9970-5246DF76BE35}.Release|x86.Build.0 = Release|Win32
		{0CEF0804-EDC3-4584-A47C-8048663EBBBF}.Debug|x64.ActiveCfg = Debug|x64
		{0CEF0804-EDC3-4584-A47C-8048663EBBBF}.Debug|x64.Build.0 = Debug|x64
		{0CEF0804-EDC3-4584-A47C-8048663EBBBF}.Debug|x86.ActiveCfg = Debug|Win32
		{0CEF0804-EDC3-4584-A47C-8048663EBBBF}.Debug|x86.Build.0 = Debug|Win32
		{0CEF0804-EDC3-4584-A47C-8048663EBBBF}.Release|x64.ActiveCfg = Release|x64
		{0CEF0804-EDC3-4584-A47C-8048663EBBBF}.Release|x64.Build.0 = Release|x64
		{0CEF0804-EDC3-4584-A47C-8048663EBBBF}.Release|x86.ActiveCfg = Release|Win32
		{0CEF0804-EDC3-4584-A47C-8048663EBBBF}.Release|x86.Build.0 = Release|Win32
	EndGlobalSection
	GlobalSection(SolutionProperties) = preSolution
		HideSolutionNode = FALSE
	EndGlobalSection
	GlobalSection(ExtensibilityGlobals) = postSolution
		SolutionGuid = {9A4D9703-49F3-4433-9AED-9C3143600C46}
	EndGlobalSection
EndGlobal
